// !$*UTF8*$!
{
	archiveVersion = 1;
	classes = {
	};
	objectVersion = 50;
	objects = {

/* Begin PBXBuildFile section */
		DC7114BD25DA1B8A00715047 /* AppDelegate.swift in Sources */ = {isa = PBXBuildFile; fileRef = DC7114BC25DA1B8A00715047 /* AppDelegate.swift */; };
		DC7114BF25DA1B8A00715047 /* SceneDelegate.swift in Sources */ = {isa = PBXBuildFile; fileRef = DC7114BE25DA1B8A00715047 /* SceneDelegate.swift */; };
		DC7114C125DA1B8A00715047 /* ViewController.swift in Sources */ = {isa = PBXBuildFile; fileRef = DC7114C025DA1B8A00715047 /* ViewController.swift */; };
		DC7114C425DA1B8A00715047 /* Main.storyboard in Resources */ = {isa = PBXBuildFile; fileRef = DC7114C225DA1B8A00715047 /* Main.storyboard */; };
		DC7114C625DA1B8B00715047 /* Assets.xcassets in Resources */ = {isa = PBXBuildFile; fileRef = DC7114C525DA1B8B00715047 /* Assets.xcassets */; };
		DC7114C925DA1B8C00715047 /* LaunchScreen.storyboard in Resources */ = {isa = PBXBuildFile; fileRef = DC7114C725DA1B8C00715047 /* LaunchScreen.storyboard */; };
		DC7114D425DA1B8C00715047 /* flixsterTests.swift in Sources */ = {isa = PBXBuildFile; fileRef = DC7114D325DA1B8C00715047 /* flixsterTests.swift */; };
		DC7114DF25DA1B8C00715047 /* flixsterUITests.swift in Sources */ = {isa = PBXBuildFile; fileRef = DC7114DE25DA1B8C00715047 /* flixsterUITests.swift */; };
/* End PBXBuildFile section */

/* Begin PBXContainerItemProxy section */
		DC7114D025DA1B8C00715047 /* PBXContainerItemProxy */ = {
			isa = PBXContainerItemProxy;
			containerPortal = DC7114B125DA1B8A00715047 /* Project object */;
			proxyType = 1;
			remoteGlobalIDString = DC7114B825DA1B8A00715047;
			remoteInfo = flixster;
		};
		DC7114DB25DA1B8C00715047 /* PBXContainerItemProxy */ = {
			isa = PBXContainerItemProxy;
			containerPortal = DC7114B125DA1B8A00715047 /* Project object */;
			proxyType = 1;
			remoteGlobalIDString = DC7114B825DA1B8A00715047;
			remoteInfo = flixster;
		};
/* End PBXContainerItemProxy section */

/* Begin PBXFileReference section */
		DC7114B925DA1B8A00715047 /* flixster.app */ = {isa = PBXFileReference; explicitFileType = wrapper.application; includeInIndex = 0; path = flixster.app; sourceTree = BUILT_PRODUCTS_DIR; };
		DC7114BC25DA1B8A00715047 /* AppDelegate.swift */ = {isa = PBXFileReference; lastKnownFileType = sourcecode.swift; path = AppDelegate.swift; sourceTree = "<group>"; };
		DC7114BE25DA1B8A00715047 /* SceneDelegate.swift */ = {isa = PBXFileReference; lastKnownFileType = sourcecode.swift; path = SceneDelegate.swift; sourceTree = "<group>"; };
		DC7114C025DA1B8A00715047 /* ViewController.swift */ = {isa = PBXFileReference; lastKnownFileType = sourcecode.swift; path = ViewController.swift; sourceTree = "<group>"; };
		DC7114C325DA1B8A00715047 /* Base */ = {isa = PBXFileReference; lastKnownFileType = file.storyboard; name = Base; path = Base.lproj/Main.storyboard; sourceTree = "<group>"; };
		DC7114C525DA1B8B00715047 /* Assets.xcassets */ = {isa = PBXFileReference; lastKnownFileType = folder.assetcatalog; path = Assets.xcassets; sourceTree = "<group>"; };
		DC7114C825DA1B8C00715047 /* Base */ = {isa = PBXFileReference; lastKnownFileType = file.storyboard; name = Base; path = Base.lproj/LaunchScreen.storyboard; sourceTree = "<group>"; };
		DC7114CA25DA1B8C00715047 /* Info.plist */ = {isa = PBXFileReference; lastKnownFileType = text.plist.xml; path = Info.plist; sourceTree = "<group>"; };
		DC7114CF25DA1B8C00715047 /* flixsterTests.xctest */ = {isa = PBXFileReference; explicitFileType = wrapper.cfbundle; includeInIndex = 0; path = flixsterTests.xctest; sourceTree = BUILT_PRODUCTS_DIR; };
		DC7114D325DA1B8C00715047 /* flixsterTests.swift */ = {isa = PBXFileReference; lastKnownFileType = sourcecode.swift; path = flixsterTests.swift; sourceTree = "<group>"; };
		DC7114D525DA1B8C00715047 /* Info.plist */ = {isa = PBXFileReference; lastKnownFileType = text.plist.xml; path = Info.plist; sourceTree = "<group>"; };
		DC7114DA25DA1B8C00715047 /* flixsterUITests.xctest */ = {isa = PBXFileReference; explicitFileType = wrapper.cfbundle; includeInIndex = 0; path = flixsterUITests.xctest; sourceTree = BUILT_PRODUCTS_DIR; };
		DC7114DE25DA1B8C00715047 /* flixsterUITests.swift */ = {isa = PBXFileReference; lastKnownFileType = sourcecode.swift; path = flixsterUITests.swift; sourceTree = "<group>"; };
		DC7114E025DA1B8C00715047 /* Info.plist */ = {isa = PBXFileReference; lastKnownFileType = text.plist.xml; path = Info.plist; sourceTree = "<group>"; };
/* End PBXFileReference section */

/* Begin PBXFrameworksBuildPhase section */
		DC7114B625DA1B8A00715047 /* Frameworks */ = {
			isa = PBXFrameworksBuildPhase;
			buildActionMask = 2147483647;
			files = (
			);
			runOnlyForDeploymentPostprocessing = 0;
		};
		DC7114CC25DA1B8C00715047 /* Frameworks */ = {
			isa = PBXFrameworksBuildPhase;
			buildActionMask = 2147483647;
			files = (
			);
			runOnlyForDeploymentPostprocessing = 0;
		};
		DC7114D725DA1B8C00715047 /* Frameworks */ = {
			isa = PBXFrameworksBuildPhase;
			buildActionMask = 2147483647;
			files = (
			);
			runOnlyForDeploymentPostprocessing = 0;
		};
/* End PBXFrameworksBuildPhase section */

/* Begin PBXGroup section */
		DC7114B025DA1B8A00715047 = {
			isa = PBXGroup;
			children = (
				DC7114BB25DA1B8A00715047 /* flixster */,
				DC7114D225DA1B8C00715047 /* flixsterTests */,
				DC7114DD25DA1B8C00715047 /* flixsterUITests */,
				DC7114BA25DA1B8A00715047 /* Products */,
			);
			sourceTree = "<group>";
		};
		DC7114BA25DA1B8A00715047 /* Products */ = {
			isa = PBXGroup;
			children = (
				DC7114B925DA1B8A00715047 /* flixster.app */,
				DC7114CF25DA1B8C00715047 /* flixsterTests.xctest */,
				DC7114DA25DA1B8C00715047 /* flixsterUITests.xctest */,
			);
			name = Products;
			sourceTree = "<group>";
		};
		DC7114BB25DA1B8A00715047 /* flixster */ = {
			isa = PBXGroup;
			children = (
				DC7114BC25DA1B8A00715047 /* AppDelegate.swift */,
				DC7114BE25DA1B8A00715047 /* SceneDelegate.swift */,
				DC7114C025DA1B8A00715047 /* ViewController.swift */,
				DC7114C225DA1B8A00715047 /* Main.storyboard */,
				DC7114C525DA1B8B00715047 /* Assets.xcassets */,
				DC7114C725DA1B8C00715047 /* LaunchScreen.storyboard */,
				DC7114CA25DA1B8C00715047 /* Info.plist */,
			);
			path = flixster;
			sourceTree = "<group>";
		};
		DC7114D225DA1B8C00715047 /* flixsterTests */ = {
			isa = PBXGroup;
			children = (
				DC7114D325DA1B8C00715047 /* flixsterTests.swift */,
				DC7114D525DA1B8C00715047 /* Info.plist */,
			);
			path = flixsterTests;
			sourceTree = "<group>";
		};
		DC7114DD25DA1B8C00715047 /* flixsterUITests */ = {
			isa = PBXGroup;
			children = (
				DC7114DE25DA1B8C00715047 /* flixsterUITests.swift */,
				DC7114E025DA1B8C00715047 /* Info.plist */,
			);
			path = flixsterUITests;
			sourceTree = "<group>";
		};
/* End PBXGroup section */

/* Begin PBXNativeTarget section */
		DC7114B825DA1B8A00715047 /* flixster */ = {
			isa = PBXNativeTarget;
			buildConfigurationList = DC7114E325DA1B8C00715047 /* Build configuration list for PBXNativeTarget "flixster" */;
			buildPhases = (
				DC7114B525DA1B8A00715047 /* Sources */,
				DC7114B625DA1B8A00715047 /* Frameworks */,
				DC7114B725DA1B8A00715047 /* Resources */,
			);
			buildRules = (
			);
			dependencies = (
			);
			name = flixster;
			productName = flixster;
			productReference = DC7114B925DA1B8A00715047 /* flixster.app */;
			productType = "com.apple.product-type.application";
		};
		DC7114CE25DA1B8C00715047 /* flixsterTests */ = {
			isa = PBXNativeTarget;
			buildConfigurationList = DC7114E625DA1B8C00715047 /* Build configuration list for PBXNativeTarget "flixsterTests" */;
			buildPhases = (
				DC7114CB25DA1B8C00715047 /* Sources */,
				DC7114CC25DA1B8C00715047 /* Frameworks */,
				DC7114CD25DA1B8C00715047 /* Resources */,
			);
			buildRules = (
			);
			dependencies = (
				DC7114D125DA1B8C00715047 /* PBXTargetDependency */,
			);
			name = flixsterTests;
			productName = flixsterTests;
			productReference = DC7114CF25DA1B8C00715047 /* flixsterTests.xctest */;
			productType = "com.apple.product-type.bundle.unit-test";
		};
		DC7114D925DA1B8C00715047 /* flixsterUITests */ = {
			isa = PBXNativeTarget;
			buildConfigurationList = DC7114E925DA1B8C00715047 /* Build configuration list for PBXNativeTarget "flixsterUITests" */;
			buildPhases = (
				DC7114D625DA1B8C00715047 /* Sources */,
				DC7114D725DA1B8C00715047 /* Frameworks */,
				DC7114D825DA1B8C00715047 /* Resources */,
			);
			buildRules = (
			);
			dependencies = (
				DC7114DC25DA1B8C00715047 /* PBXTargetDependency */,
			);
			name = flixsterUITests;
			productName = flixsterUITests;
			productReference = DC7114DA25DA1B8C00715047 /* flixsterUITests.xctest */;
			productType = "com.apple.product-type.bundle.ui-testing";
		};
/* End PBXNativeTarget section */

/* Begin PBXProject section */
		DC7114B125DA1B8A00715047 /* Project object */ = {
			isa = PBXProject;
			attributes = {
				LastSwiftUpdateCheck = 1240;
				LastUpgradeCheck = 1240;
				TargetAttributes = {
					DC7114B825DA1B8A00715047 = {
						CreatedOnToolsVersion = 12.4;
					};
					DC7114CE25DA1B8C00715047 = {
						CreatedOnToolsVersion = 12.4;
						TestTargetID = DC7114B825DA1B8A00715047;
					};
					DC7114D925DA1B8C00715047 = {
						CreatedOnToolsVersion = 12.4;
						TestTargetID = DC7114B825DA1B8A00715047;
					};
				};
			};
			buildConfigurationList = DC7114B425DA1B8A00715047 /* Build configuration list for PBXProject "flixster" */;
			compatibilityVersion = "Xcode 9.3";
			developmentRegion = en;
			hasScannedForEncodings = 0;
			knownRegions = (
				en,
				Base,
			);
			mainGroup = DC7114B025DA1B8A00715047;
			productRefGroup = DC7114BA25DA1B8A00715047 /* Products */;
			projectDirPath = "";
			projectRoot = "";
			targets = (
				DC7114B825DA1B8A00715047 /* flixster */,
				DC7114CE25DA1B8C00715047 /* flixsterTests */,
				DC7114D925DA1B8C00715047 /* flixsterUITests */,
			);
		};
/* End PBXProject section */

/* Begin PBXResourcesBuildPhase section */
		DC7114B725DA1B8A00715047 /* Resources */ = {
			isa = PBXResourcesBuildPhase;
			buildActionMask = 2147483647;
			files = (
				DC7114C925DA1B8C00715047 /* LaunchScreen.storyboard in Resources */,
				DC7114C625DA1B8B00715047 /* Assets.xcassets in Resources */,
				DC7114C425DA1B8A00715047 /* Main.storyboard in Resources */,
			);
			runOnlyForDeploymentPostprocessing = 0;
		};
		DC7114CD25DA1B8C00715047 /* Resources */ = {
			isa = PBXResourcesBuildPhase;
			buildActionMask = 2147483647;
			files = (
			);
			runOnlyForDeploymentPostprocessing = 0;
		};
		DC7114D825DA1B8C00715047 /* Resources */ = {
			isa = PBXResourcesBuildPhase;
			buildActionMask = 2147483647;
			files = (
			);
			runOnlyForDeploymentPostprocessing = 0;
		};
/* End PBXResourcesBuildPhase section */

/* Begin PBXSourcesBuildPhase section */
		DC7114B525DA1B8A00715047 /* Sources */ = {
			isa = PBXSourcesBuildPhase;
			buildActionMask = 2147483647;
			files = (
				DC7114C125DA1B8A00715047 /* ViewController.swift in Sources */,
				DC7114BD25DA1B8A00715047 /* AppDelegate.swift in Sources */,
				DC7114BF25DA1B8A00715047 /* SceneDelegate.swift in Sources */,
			);
			runOnlyForDeploymentPostprocessing = 0;
		};
		DC7114CB25DA1B8C00715047 /* Sources */ = {
			isa = PBXSourcesBuildPhase;
			buildActionMask = 2147483647;
			files = (
				DC7114D425DA1B8C00715047 /* flixsterTests.swift in Sources */,
			);
			runOnlyForDeploymentPostprocessing = 0;
		};
		DC7114D625DA1B8C00715047 /* Sources */ = {
			isa = PBXSourcesBuildPhase;
			buildActionMask = 2147483647;
			files = (
				DC7114DF25DA1B8C00715047 /* flixsterUITests.swift in Sources */,
			);
			runOnlyForDeploymentPostprocessing = 0;
		};
/* End PBXSourcesBuildPhase section */

/* Begin PBXTargetDependency section */
		DC7114D125DA1B8C00715047 /* PBXTargetDependency */ = {
			isa = PBXTargetDependency;
			target = DC7114B825DA1B8A00715047 /* flixster */;
			targetProxy = DC7114D025DA1B8C00715047 /* PBXContainerItemProxy */;
		};
		DC7114DC25DA1B8C00715047 /* PBXTargetDependency */ = {
			isa = PBXTargetDependency;
			target = DC7114B825DA1B8A00715047 /* flixster */;
			targetProxy = DC7114DB25DA1B8C00715047 /* PBXContainerItemProxy */;
		};
/* End PBXTargetDependency section */

/* Begin PBXVariantGroup section */
		DC7114C225DA1B8A00715047 /* Main.storyboard */ = {
			isa = PBXVariantGroup;
			children = (
				DC7114C325DA1B8A00715047 /* Base */,
			);
			name = Main.storyboard;
			sourceTree = "<group>";
		};
		DC7114C725DA1B8C00715047 /* LaunchScreen.storyboard */ = {
			isa = PBXVariantGroup;
			children = (
				DC7114C825DA1B8C00715047 /* Base */,
			);
			name = LaunchScreen.storyboard;
			sourceTree = "<group>";
		};
/* End PBXVariantGroup section */

/* Begin XCBuildConfiguration section */
		DC7114E125DA1B8C00715047 /* Debug */ = {
			isa = XCBuildConfiguration;
			buildSettings = {
				ALWAYS_SEARCH_USER_PATHS = NO;
				CLANG_ANALYZER_NONNULL = YES;
				CLANG_ANALYZER_NUMBER_OBJECT_CONVERSION = YES_AGGRESSIVE;
				CLANG_CXX_LANGUAGE_STANDARD = "gnu++14";
				CLANG_CXX_LIBRARY = "libc++";
				CLANG_ENABLE_MODULES = YES;
				CLANG_ENABLE_OBJC_ARC = YES;
				CLANG_ENABLE_OBJC_WEAK = YES;
				CLANG_WARN_BLOCK_CAPTURE_AUTORELEASING = YES;
				CLANG_WARN_BOOL_CONVERSION = YES;
				CLANG_WARN_COMMA = YES;
				CLANG_WARN_CONSTANT_CONVERSION = YES;
				CLANG_WARN_DEPRECATED_OBJC_IMPLEMENTATIONS = YES;
				CLANG_WARN_DIRECT_OBJC_ISA_USAGE = YES_ERROR;
				CLANG_WARN_DOCUMENTATION_COMMENTS = YES;
				CLANG_WARN_EMPTY_BODY = YES;
				CLANG_WARN_ENUM_CONVERSION = YES;
				CLANG_WARN_INFINITE_RECURSION = YES;
				CLANG_WARN_INT_CONVERSION = YES;
				CLANG_WARN_NON_LITERAL_NULL_CONVERSION = YES;
				CLANG_WARN_OBJC_IMPLICIT_RETAIN_SELF = YES;
				CLANG_WARN_OBJC_LITERAL_CONVERSION = YES;
				CLANG_WARN_OBJC_ROOT_CLASS = YES_ERROR;
				CLANG_WARN_QUOTED_INCLUDE_IN_FRAMEWORK_HEADER = YES;
				CLANG_WARN_RANGE_LOOP_ANALYSIS = YES;
				CLANG_WARN_STRICT_PROTOTYPES = YES;
				CLANG_WARN_SUSPICIOUS_MOVE = YES;
				CLANG_WARN_UNGUARDED_AVAILABILITY = YES_AGGRESSIVE;
				CLANG_WARN_UNREACHABLE_CODE = YES;
				CLANG_WARN__DUPLICATE_METHOD_MATCH = YES;
				COPY_PHASE_STRIP = NO;
				DEBUG_INFORMATION_FORMAT = dwarf;
				ENABLE_STRICT_OBJC_MSGSEND = YES;
				ENABLE_TESTABILITY = YES;
				GCC_C_LANGUAGE_STANDARD = gnu11;
				GCC_DYNAMIC_NO_PIC = NO;
				GCC_NO_COMMON_BLOCKS = YES;
				GCC_OPTIMIZATION_LEVEL = 0;
				GCC_PREPROCESSOR_DEFINITIONS = (
					"DEBUG=1",
					"$(inherited)",
				);
				GCC_WARN_64_TO_32_BIT_CONVERSION = YES;
				GCC_WARN_ABOUT_RETURN_TYPE = YES_ERROR;
				GCC_WARN_UNDECLARED_SELECTOR = YES;
				GCC_WARN_UNINITIALIZED_AUTOS = YES_AGGRESSIVE;
				GCC_WARN_UNUSED_FUNCTION = YES;
				GCC_WARN_UNUSED_VARIABLE = YES;
				IPHONEOS_DEPLOYMENT_TARGET = 14.4;
				MTL_ENABLE_DEBUG_INFO = INCLUDE_SOURCE;
				MTL_FAST_MATH = YES;
				ONLY_ACTIVE_ARCH = YES;
				SDKROOT = iphoneos;
				SWIFT_ACTIVE_COMPILATION_CONDITIONS = DEBUG;
				SWIFT_OPTIMIZATION_LEVEL = "-Onone";
			};
			name = Debug;
		};
		DC7114E225DA1B8C00715047 /* Release */ = {
			isa = XCBuildConfiguration;
			buildSettings = {
				ALWAYS_SEARCH_USER_PATHS = NO;
				CLANG_ANALYZER_NONNULL = YES;
				CLANG_ANALYZER_NUMBER_OBJECT_CONVERSION = YES_AGGRESSIVE;
				CLANG_CXX_LANGUAGE_STANDARD = "gnu++14";
				CLANG_CXX_LIBRARY = "libc++";
				CLANG_ENABLE_MODULES = YES;
				CLANG_ENABLE_OBJC_ARC = YES;
				CLANG_ENABLE_OBJC_WEAK = YES;
				CLANG_WARN_BLOCK_CAPTURE_AUTORELEASING = YES;
				CLANG_WARN_BOOL_CONVERSION = YES;
				CLANG_WARN_COMMA = YES;
				CLANG_WARN_CONSTANT_CONVERSION = YES;
				CLANG_WARN_DEPRECATED_OBJC_IMPLEMENTATIONS = YES;
				CLANG_WARN_DIRECT_OBJC_ISA_USAGE = YES_ERROR;
				CLANG_WARN_DOCUMENTATION_COMMENTS = YES;
				CLANG_WARN_EMPTY_BODY = YES;
				CLANG_WARN_ENUM_CONVERSION = YES;
				CLANG_WARN_INFINITE_RECURSION = YES;
				CLANG_WARN_INT_CONVERSION = YES;
				CLANG_WARN_NON_LITERAL_NULL_CONVERSION = YES;
				CLANG_WARN_OBJC_IMPLICIT_RETAIN_SELF = YES;
				CLANG_WARN_OBJC_LITERAL_CONVERSION = YES;
				CLANG_WARN_OBJC_ROOT_CLASS = YES_ERROR;
				CLANG_WARN_QUOTED_INCLUDE_IN_FRAMEWORK_HEADER = YES;
				CLANG_WARN_RANGE_LOOP_ANALYSIS = YES;
				CLANG_WARN_STRICT_PROTOTYPES = YES;
				CLANG_WARN_SUSPICIOUS_MOVE = YES;
				CLANG_WARN_UNGUARDED_AVAILABILITY = YES_AGGRESSIVE;
				CLANG_WARN_UNREACHABLE_CODE = YES;
				CLANG_WARN__DUPLICATE_METHOD_MATCH = YES;
				COPY_PHASE_STRIP = NO;
				DEBUG_INFORMATION_FORMAT = "dwarf-with-dsym";
				ENABLE_NS_ASSERTIONS = NO;
				ENABLE_STRICT_OBJC_MSGSEND = YES;
				GCC_C_LANGUAGE_STANDARD = gnu11;
				GCC_NO_COMMON_BLOCKS = YES;
				GCC_WARN_64_TO_32_BIT_CONVERSION = YES;
				GCC_WARN_ABOUT_RETURN_TYPE = YES_ERROR;
				GCC_WARN_UNDECLARED_SELECTOR = YES;
				GCC_WARN_UNINITIALIZED_AUTOS = YES_AGGRESSIVE;
				GCC_WARN_UNUSED_FUNCTION = YES;
				GCC_WARN_UNUSED_VARIABLE = YES;
				IPHONEOS_DEPLOYMENT_TARGET = 14.4;
				MTL_ENABLE_DEBUG_INFO = NO;
				MTL_FAST_MATH = YES;
				SDKROOT = iphoneos;
				SWIFT_COMPILATION_MODE = wholemodule;
				SWIFT_OPTIMIZATION_LEVEL = "-O";
				VALIDATE_PRODUCT = YES;
			};
			name = Release;
		};
		DC7114E425DA1B8C00715047 /* Debug */ = {
			isa = XCBuildConfiguration;
			buildSettings = {
				ASSETCATALOG_COMPILER_APPICON_NAME = AppIcon;
				ASSETCATALOG_COMPILER_GLOBAL_ACCENT_COLOR_NAME = AccentColor;
				CODE_SIGN_STYLE = Automatic;
				INFOPLIST_FILE = flixster/Info.plist;
				LD_RUNPATH_SEARCH_PATHS = (
					"$(inherited)",
					"@executable_path/Frameworks",
				);
				PRODUCT_BUNDLE_IDENTIFIER = trnsmh.flixster;
				PRODUCT_NAME = "$(TARGET_NAME)";
				SWIFT_VERSION = 5.0;
				TARGETED_DEVICE_FAMILY = "1,2";
			};
			name = Debug;
		};
		DC7114E525DA1B8C00715047 /* Release */ = {
			isa = XCBuildConfiguration;
			buildSettings = {
				ASSETCATALOG_COMPILER_APPICON_NAME = AppIcon;
				ASSETCATALOG_COMPILER_GLOBAL_ACCENT_COLOR_NAME = AccentColor;
				CODE_SIGN_STYLE = Automatic;
				INFOPLIST_FILE = flixster/Info.plist;
				LD_RUNPATH_SEARCH_PATHS = (
					"$(inherited)",
					"@executable_path/Frameworks",
				);
				PRODUCT_BUNDLE_IDENTIFIER = trnsmh.flixster;
				PRODUCT_NAME = "$(TARGET_NAME)";
				SWIFT_VERSION = 5.0;
				TARGETED_DEVICE_FAMILY = "1,2";
			};
			name = Release;
		};
		DC7114E725DA1B8C00715047 /* Debug */ = {
			isa = XCBuildConfiguration;
			buildSettings = {
				ALWAYS_EMBED_SWIFT_STANDARD_LIBRARIES = YES;
				BUNDLE_LOADER = "$(TEST_HOST)";
				CODE_SIGN_STYLE = Automatic;
				INFOPLIST_FILE = flixsterTests/Info.plist;
				IPHONEOS_DEPLOYMENT_TARGET = 14.4;
				LD_RUNPATH_SEARCH_PATHS = (
					"$(inherited)",
					"@executable_path/Frameworks",
					"@loader_path/Frameworks",
				);
				PRODUCT_BUNDLE_IDENTIFIER = trnsmh.flixsterTests;
				PRODUCT_NAME = "$(TARGET_NAME)";
				SWIFT_VERSION = 5.0;
				TARGETED_DEVICE_FAMILY = "1,2";
				TEST_HOST = "$(BUILT_PRODUCTS_DIR)/flixster.app/flixster";
			};
			name = Debug;
		};
		DC7114E825DA1B8C00715047 /* Release */ = {
			isa = XCBuildConfiguration;
			buildSettings = {
				ALWAYS_EMBED_SWIFT_STANDARD_LIBRARIES = YES;
				BUNDLE_LOADER = "$(TEST_HOST)";
				CODE_SIGN_STYLE = Automatic;
				INFOPLIST_FILE = flixsterTests/Info.plist;
				IPHONEOS_DEPLOYMENT_TARGET = 14.4;
				LD_RUNPATH_SEARCH_PATHS = (
					"$(inherited)",
					"@executable_path/Frameworks",
					"@loader_path/Frameworks",
				);
				PRODUCT_BUNDLE_IDENTIFIER = trnsmh.flixsterTests;
				PRODUCT_NAME = "$(TARGET_NAME)";
				SWIFT_VERSION = 5.0;
				TARGETED_DEVICE_FAMILY = "1,2";
				TEST_HOST = "$(BUILT_PRODUCTS_DIR)/flixster.app/flixster";
			};
			name = Release;
		};
		DC7114EA25DA1B8C00715047 /* Debug */ = {
			isa = XCBuildConfiguration;
			buildSettings = {
				ALWAYS_EMBED_SWIFT_STANDARD_LIBRARIES = YES;
				CODE_SIGN_STYLE = Automatic;
				INFOPLIST_FILE = flixsterUITests/Info.plist;
				LD_RUNPATH_SEARCH_PATHS = (
					"$(inherited)",
					"@executable_path/Frameworks",
					"@loader_path/Frameworks",
				);
				PRODUCT_BUNDLE_IDENTIFIER = trnsmh.flixsterUITests;
				PRODUCT_NAME = "$(TARGET_NAME)";
				SWIFT_VERSION = 5.0;
				TARGETED_DEVICE_FAMILY = "1,2";
				TEST_TARGET_NAME = flixster;
			};
			name = Debug;
		};
		DC7114EB25DA1B8C00715047 /* Release */ = {
			isa = XCBuildConfiguration;
			buildSettings = {
				ALWAYS_EMBED_SWIFT_STANDARD_LIBRARIES = YES;
				CODE_SIGN_STYLE = Automatic;
				INFOPLIST_FILE = flixsterUITests/Info.plist;
				LD_RUNPATH_SEARCH_PATHS = (
					"$(inherited)",
					"@executable_path/Frameworks",
					"@loader_path/Frameworks",
				);
				PRODUCT_BUNDLE_IDENTIFIER = trnsmh.flixsterUITests;
				PRODUCT_NAME = "$(TARGET_NAME)";
				SWIFT_VERSION = 5.0;
				TARGETED_DEVICE_FAMILY = "1,2";
				TEST_TARGET_NAME = flixster;
			};
			name = Release;
		};
/* End XCBuildConfiguration section */

/* Begin XCConfigurationList section */
		DC7114B425DA1B8A00715047 /* Build configuration list for PBXProject "flixster" */ = {
			isa = XCConfigurationList;
			buildConfigurations = (
				DC7114E125DA1B8C00715047 /* Debug */,
				DC7114E225DA1B8C00715047 /* Release */,
			);
			defaultConfigurationIsVisible = 0;
			defaultConfigurationName = Release;
		};
		DC7114E325DA1B8C00715047 /* Build configuration list for PBXNativeTarget "flixster" */ = {
			isa = XCConfigurationList;
			buildConfigurations = (
				DC7114E425DA1B8C00715047 /* Debug */,
				DC7114E525DA1B8C00715047 /* Release */,
			);
			defaultConfigurationIsVisible = 0;
			defaultConfigurationName = Release;
		};
		DC7114E625DA1B8C00715047 /* Build configuration list for PBXNativeTarget "flixsterTests" */ = {
			isa = XCConfigurationList;
			buildConfigurations = (
				DC7114E725DA1B8C00715047 /* Debug */,
				DC7114E825DA1B8C00715047 /* Release */,
			);
			defaultConfigurationIsVisible = 0;
			defaultConfigurationName = Release;
		};
		DC7114E925DA1B8C00715047 /* Build configuration list for PBXNativeTarget "flixsterUITests" */ = {
			isa = XCConfigurationList;
			buildConfigurations = (
				DC7114EA25DA1B8C00715047 /* Debug */,
				DC7114EB25DA1B8C00715047 /* Release */,
			);
			defaultConfigurationIsVisible = 0;
			defaultConfigurationName = Release;
		};
/* End XCConfigurationList section */
	};
	rootObject = DC7114B125DA1B8A00715047 /* Project object */;
}
